
Microsoft Visual Studio Solution File, Format Version 11.00
# Visual Studio 2010
Project("{FAE04EC0-301F-11D3-BF4B-00C04F79EFBC}") = "MvcApplication1", "MvcApplication1\MvcApplication1.csproj", "{3750ED52-449C-443F-A764-2E7C9AA36E16}"
EndProject
Global
	GlobalSection(SolutionConfigurationPlatforms) = preSolution
		Debug|Any CPU = Debug|Any CPU
		Release|Any CPU = Release|Any CPU
	EndGlobalSection
	GlobalSection(ProjectConfigurationPlatforms) = postSolution
		{3750ED52-449C-443F-A764-2E7C9AA36E16}.Debug|Any CPU.ActiveCfg = Debug|Any CPU
		{3750ED52-449C-443F-A764-2E7C9AA36E16}.Debug|Any CPU.Build.0 = Debug|Any CPU
		{3750ED52-449C-443F-A764-2E7C9AA36E16}.Release|Any CPU.ActiveCfg = Release|Any CPU
		{3750ED52-449C-443F-A764-2E7C9AA36E16}.Release|Any CPU.Build.0 = Release|Any CPU
	EndGlobalSection
	GlobalSection(SolutionProperties) = preSolution
		HideSolutionNode = FALSE
	EndGlobalSection
EndGlobal
